{
  "name": "assets",
  "lockfileVersion": 3,
  "requires": true,
  "packages": {
    "": {
      "dependencies": {
        "@alpinejs/focus": "^3.12.0",
        "@alpinejs/ui": "^3.12.0-beta.0",
        "alpinejs": "^3.12.0"
      }
    },
    "node_modules/@alpinejs/focus": {
      "version": "3.12.0",
      "resolved": "https://registry.npmjs.org/@alpinejs/focus/-/focus-3.12.0.tgz",
      "integrity": "sha512-KfFS6W2Ao71e/zWMg5B51QR8Djocc2grDBhZ4VYNYFh5cUnb3TELQ3luY0kjl9phy2NToi52Gz360G889Pz1Bg==",
      "dependencies": {
        "focus-trap": "^6.6.1"
      }
    },
    "node_modules/@alpinejs/ui": {
      "version": "3.12.0-beta.0",
      "resolved": "https://registry.npmjs.org/@alpinejs/ui/-/ui-3.12.0-beta.0.tgz",
      "integrity": "sha512-uFurNTKlkheVrCslBPqJB72pmVxzayXZ5Ollu4IHdcEbPdVBPdRRYVEReAxDE4wBpoYv+ngdMhTA8qY/9kDS/Q=="
    },
    "node_modules/@vue/reactivity": {
      "version": "3.1.5",
      "resolved": "https://registry.npmjs.org/@vue/reactivity/-/reactivity-3.1.5.tgz",
      "integrity": "sha512-1tdfLmNjWG6t/CsPldh+foumYFo3cpyCHgBYQ34ylaMsJ+SNHQ1kApMIa8jN+i593zQuaw3AdWH0nJTARzCFhg==",
      "dependencies": {
        "@vue/shared": "3.1.5"
      }
    },
    "node_modules/@vue/shared": {
      "version": "3.1.5",
      "resolved": "https://registry.npmjs.org/@vue/shared/-/shared-3.1.5.tgz",
      "integrity": "sha512-oJ4F3TnvpXaQwZJNF3ZK+kLPHKarDmJjJ6jyzVNDKH9md1dptjC7lWR//jrGuLdek/U6iltWxqAnYOu8gCiOvA=="
    },
    "node_modules/alpinejs": {
      "version": "3.12.0",
      "resolved": "https://registry.npmjs.org/alpinejs/-/alpinejs-3.12.0.tgz",
      "integrity": "sha512-YENcRBA9dlwR8PsZNFMTHbmdlTNwd1BkCeivPvOzzCKHas6AfwNRsDK9UEFmE5dXTMEZjnnpCTxV8vkdpWiOCw==",
      "dependencies": {
        "@vue/reactivity": "~3.1.1"
      }
    },
    "node_modules/focus-trap": {
      "version": "6.9.4",
      "resolved": "https://registry.npmjs.org/focus-trap/-/focus-trap-6.9.4.tgz",
      "integrity": "sha512-v2NTsZe2FF59Y+sDykKY+XjqZ0cPfhq/hikWVL88BqLivnNiEffAsac6rP6H45ff9wG9LL5ToiDqrLEP9GX9mw==",
      "dependencies": {
        "tabbable": "^5.3.3"
      }
    },
    "node_modules/tabbable": {
      "version": "5.3.3",
      "resolved": "https://registry.npmjs.org/tabbable/-/tabbable-5.3.3.tgz",
      "integrity": "sha512-QD9qKY3StfbZqWOPLp0++pOrAVb/HbUi5xCc8cUo4XjP19808oaMiDzn0leBY5mCespIBM0CIZePzZjgzR83kA=="
    }
  }
}
